
Microsoft Visual Studio Solution File, Format Version 12.00
Project("{FAE04EC0-301F-11D3-BF4B-00C04F79EFBC}") = "CSharpHomeWork2Cats", "CSharpHomeWork2Cats\CSharpHomeWork2Cats.csproj", "{16B1EB1C-B86E-48C5-8AA5-B6F2856433AB}"
EndProject
Global
	GlobalSection(SolutionConfigurationPlatforms) = preSolution
		Debug|Any CPU = Debug|Any CPU
		Release|Any CPU = Release|Any CPU
	EndGlobalSection
	GlobalSection(ProjectConfigurationPlatforms) = postSolution
		{16B1EB1C-B86E-48C5-8AA5-B6F2856433AB}.Debug|Any CPU.ActiveCfg = Debug|Any CPU
		{16B1EB1C-B86E-48C5-8AA5-B6F2856433AB}.Debug|Any CPU.Build.0 = Debug|Any CPU
		{16B1EB1C-B86E-48C5-8AA5-B6F2856433AB}.Release|Any CPU.ActiveCfg = Release|Any CPU
		{16B1EB1C-B86E-48C5-8AA5-B6F2856433AB}.Release|Any CPU.Build.0 = Release|Any CPU
	EndGlobalSection
EndGlobal
